// !$*UTF8*$!
{
	archiveVersion = 1;
	classes = {
	};
	objectVersion = 55;
	objects = {

/* Begin PBXBuildFile section */
		FAEF56E8290B2E1500BBDE41 /* AppDelegate.swift in Sources */ = {isa = PBXBuildFile; fileRef = FAEF56E7290B2E1500BBDE41 /* AppDelegate.swift */; };
		FAEF56EA290B2E1500BBDE41 /* SceneDelegate.swift in Sources */ = {isa = PBXBuildFile; fileRef = FAEF56E9290B2E1500BBDE41 /* SceneDelegate.swift */; };
		FAEF56EC290B2E1500BBDE41 /* ViewController.swift in Sources */ = {isa = PBXBuildFile; fileRef = FAEF56EB290B2E1500BBDE41 /* ViewController.swift */; };
		FAEF56EF290B2E1500BBDE41 /* Main.storyboard in Resources */ = {isa = PBXBuildFile; fileRef = FAEF56ED290B2E1500BBDE41 /* Main.storyboard */; };
		FAEF56F1290B2E1500BBDE41 /* Assets.xcassets in Resources */ = {isa = PBXBuildFile; fileRef = FAEF56F0290B2E1500BBDE41 /* Assets.xcassets */; };
		FAEF56F4290B2E1500BBDE41 /* LaunchScreen.storyboard in Resources */ = {isa = PBXBuildFile; fileRef = FAEF56F2290B2E1500BBDE41 /* LaunchScreen.storyboard */; };
		FAEF56FC290B644100BBDE41 /* CircleCatViewController.swift in Sources */ = {isa = PBXBuildFile; fileRef = FAEF56FB290B644100BBDE41 /* CircleCatViewController.swift */; };
		FAEF56FE290C382D00BBDE41 /* FillViewWithSquareVC.swift in Sources */ = {isa = PBXBuildFile; fileRef = FAEF56FD290C382D00BBDE41 /* FillViewWithSquareVC.swift */; };
		FAEF5700290C901F00BBDE41 /* CircleMoveViewController.swift in Sources */ = {isa = PBXBuildFile; fileRef = FAEF56FF290C901F00BBDE41 /* CircleMoveViewController.swift */; };
/* End PBXBuildFile section */

/* Begin PBXFileReference section */
		FAEF56E4290B2E1500BBDE41 /* 3miniApps.app */ = {isa = PBXFileReference; explicitFileType = wrapper.application; includeInIndex = 0; path = 3miniApps.app; sourceTree = BUILT_PRODUCTS_DIR; };
		FAEF56E7290B2E1500BBDE41 /* AppDelegate.swift */ = {isa = PBXFileReference; lastKnownFileType = sourcecode.swift; path = AppDelegate.swift; sourceTree = "<group>"; };
		FAEF56E9290B2E1500BBDE41 /* SceneDelegate.swift */ = {isa = PBXFileReference; lastKnownFileType = sourcecode.swift; path = SceneDelegate.swift; sourceTree = "<group>"; };
		FAEF56EB290B2E1500BBDE41 /* ViewController.swift */ = {isa = PBXFileReference; lastKnownFileType = sourcecode.swift; path = ViewController.swift; sourceTree = "<group>"; };
		FAEF56EE290B2E1500BBDE41 /* Base */ = {isa = PBXFileReference; lastKnownFileType = file.storyboard; name = Base; path = Base.lproj/Main.storyboard; sourceTree = "<group>"; };
		FAEF56F0290B2E1500BBDE41 /* Assets.xcassets */ = {isa = PBXFileReference; lastKnownFileType = folder.assetcatalog; path = Assets.xcassets; sourceTree = "<group>"; };
		FAEF56F3290B2E1500BBDE41 /* Base */ = {isa = PBXFileReference; lastKnownFileType = file.storyboard; name = Base; path = Base.lproj/LaunchScreen.storyboard; sourceTree = "<group>"; };
		FAEF56F5290B2E1500BBDE41 /* Info.plist */ = {isa = PBXFileReference; lastKnownFileType = text.plist.xml; path = Info.plist; sourceTree = "<group>"; };
		FAEF56FB290B644100BBDE41 /* CircleCatViewController.swift */ = {isa = PBXFileReference; lastKnownFileType = sourcecode.swift; path = CircleCatViewController.swift; sourceTree = "<group>"; };
		FAEF56FD290C382D00BBDE41 /* FillViewWithSquareVC.swift */ = {isa = PBXFileReference; lastKnownFileType = sourcecode.swift; path = FillViewWithSquareVC.swift; sourceTree = "<group>"; };
		FAEF56FF290C901F00BBDE41 /* CircleMoveViewController.swift */ = {isa = PBXFileReference; lastKnownFileType = sourcecode.swift; path = CircleMoveViewController.swift; sourceTree = "<group>"; };
/* End PBXFileReference section */

/* Begin PBXFrameworksBuildPhase section */
		FAEF56E1290B2E1500BBDE41 /* Frameworks */ = {
			isa = PBXFrameworksBuildPhase;
			buildActionMask = 2147483647;
			files = (
			);
			runOnlyForDeploymentPostprocessing = 0;
		};
/* End PBXFrameworksBuildPhase section */

/* Begin PBXGroup section */
		FAEF56DB290B2E1500BBDE41 = {
			isa = PBXGroup;
			children = (
				FAEF56E6290B2E1500BBDE41 /* 3miniApps */,
				FAEF56E5290B2E1500BBDE41 /* Products */,
			);
			sourceTree = "<group>";
		};
		FAEF56E5290B2E1500BBDE41 /* Products */ = {
			isa = PBXGroup;
			children = (
				FAEF56E4290B2E1500BBDE41 /* 3miniApps.app */,
			);
			name = Products;
			sourceTree = "<group>";
		};
		FAEF56E6290B2E1500BBDE41 /* 3miniApps */ = {
			isa = PBXGroup;
			children = (
				FAEF56E7290B2E1500BBDE41 /* AppDelegate.swift */,
				FAEF56E9290B2E1500BBDE41 /* SceneDelegate.swift */,
				FAEF56EB290B2E1500BBDE41 /* ViewController.swift */,
				FAEF56ED290B2E1500BBDE41 /* Main.storyboard */,
				FAEF56F0290B2E1500BBDE41 /* Assets.xcassets */,
				FAEF56F2290B2E1500BBDE41 /* LaunchScreen.storyboard */,
				FAEF56F5290B2E1500BBDE41 /* Info.plist */,
				FAEF56FB290B644100BBDE41 /* CircleCatViewController.swift */,
				FAEF56FD290C382D00BBDE41 /* FillViewWithSquareVC.swift */,
				FAEF56FF290C901F00BBDE41 /* CircleMoveViewController.swift */,
			);
			path = 3miniApps;
			sourceTree = "<group>";
		};
/* End PBXGroup section */

/* Begin PBXNativeTarget section */
		FAEF56E3290B2E1500BBDE41 /* 3miniApps */ = {
			isa = PBXNativeTarget;
			buildConfigurationList = FAEF56F8290B2E1500BBDE41 /* Build configuration list for PBXNativeTarget "3miniApps" */;
			buildPhases = (
				FAEF56E0290B2E1500BBDE41 /* Sources */,
				FAEF56E1290B2E1500BBDE41 /* Frameworks */,
				FAEF56E2290B2E1500BBDE41 /* Resources */,
			);
			buildRules = (
			);
			dependencies = (
			);
			name = 3miniApps;
			productName = 3miniApps;
			productReference = FAEF56E4290B2E1500BBDE41 /* 3miniApps.app */;
			productType = "com.apple.product-type.application";
		};
/* End PBXNativeTarget section */

/* Begin PBXProject section */
		FAEF56DC290B2E1500BBDE41 /* Project object */ = {
			isa = PBXProject;
			attributes = {
				BuildIndependentTargetsInParallel = 1;
				LastSwiftUpdateCheck = 1340;
				LastUpgradeCheck = 1340;
				TargetAttributes = {
					FAEF56E3290B2E1500BBDE41 = {
						CreatedOnToolsVersion = 13.4.1;
					};
				};
			};
			buildConfigurationList = FAEF56DF290B2E1500BBDE41 /* Build configuration list for PBXProject "3miniApps" */;
			compatibilityVersion = "Xcode 13.0";
			developmentRegion = en;
			hasScannedForEncodings = 0;
			knownRegions = (
				en,
				Base,
			);
			mainGroup = FAEF56DB290B2E1500BBDE41;
			productRefGroup = FAEF56E5290B2E1500BBDE41 /* Products */;
			projectDirPath = "";
			projectRoot = "";
			targets = (
				FAEF56E3290B2E1500BBDE41 /* 3miniApps */,
			);
		};
/* End PBXProject section */

/* Begin PBXResourcesBuildPhase section */
		FAEF56E2290B2E1500BBDE41 /* Resources */ = {
			isa = PBXResourcesBuildPhase;
			buildActionMask = 2147483647;
			files = (
				FAEF56F4290B2E1500BBDE41 /* LaunchScreen.storyboard in Resources */,
				FAEF56F1290B2E1500BBDE41 /* Assets.xcassets in Resources */,
				FAEF56EF290B2E1500BBDE41 /* Main.storyboard in Resources */,
			);
			runOnlyForDeploymentPostprocessing = 0;
		};
/* End PBXResourcesBuildPhase section */

/* Begin PBXSourcesBuildPhase section */
		FAEF56E0290B2E1500BBDE41 /* Sources */ = {
			isa = PBXSourcesBuildPhase;
			buildActionMask = 2147483647;
			files = (
				FAEF56FE290C382D00BBDE41 /* FillViewWithSquareVC.swift in Sources */,
				FAEF5700290C901F00BBDE41 /* CircleMoveViewController.swift in Sources */,
				FAEF56EC290B2E1500BBDE41 /* ViewController.swift in Sources */,
				FAEF56FC290B644100BBDE41 /* CircleCatViewController.swift in Sources */,
				FAEF56E8290B2E1500BBDE41 /* AppDelegate.swift in Sources */,
				FAEF56EA290B2E1500BBDE41 /* SceneDelegate.swift in Sources */,
			);
			runOnlyForDeploymentPostprocessing = 0;
		};
/* End PBXSourcesBuildPhase section */

/* Begin PBXVariantGroup section */
		FAEF56ED290B2E1500BBDE41 /* Main.storyboard */ = {
			isa = PBXVariantGroup;
			children = (
				FAEF56EE290B2E1500BBDE41 /* Base */,
			);
			name = Main.storyboard;
			sourceTree = "<group>";
		};
		FAEF56F2290B2E1500BBDE41 /* LaunchScreen.storyboard */ = {
			isa = PBXVariantGroup;
			children = (
				FAEF56F3290B2E1500BBDE41 /* Base */,
			);
			name = LaunchScreen.storyboard;
			sourceTree = "<group>";
		};
/* End PBXVariantGroup section */

/* Begin XCBuildConfiguration section */
		FAEF56F6290B2E1500BBDE41 /* Debug */ = {
			isa = XCBuildConfiguration;
			buildSettings = {
				ALWAYS_SEARCH_USER_PATHS = NO;
				CLANG_ANALYZER_NONNULL = YES;
				CLANG_ANALYZER_NUMBER_OBJECT_CONVERSION = YES_AGGRESSIVE;
				CLANG_CXX_LANGUAGE_STANDARD = "gnu++17";
				CLANG_ENABLE_MODULES = YES;
				CLANG_ENABLE_OBJC_ARC = YES;
				CLANG_ENABLE_OBJC_WEAK = YES;
				CLANG_WARN_BLOCK_CAPTURE_AUTORELEASING = YES;
				CLANG_WARN_BOOL_CONVERSION = YES;
				CLANG_WARN_COMMA = YES;
				CLANG_WARN_CONSTANT_CONVERSION = YES;
				CLANG_WARN_DEPRECATED_OBJC_IMPLEMENTATIONS = YES;
				CLANG_WARN_DIRECT_OBJC_ISA_USAGE = YES_ERROR;
				CLANG_WARN_DOCUMENTATION_COMMENTS = YES;
				CLANG_WARN_EMPTY_BODY = YES;
				CLANG_WARN_ENUM_CONVERSION = YES;
				CLANG_WARN_INFINITE_RECURSION = YES;
				CLANG_WARN_INT_CONVERSION = YES;
				CLANG_WARN_NON_LITERAL_NULL_CONVERSION = YES;
				CLANG_WARN_OBJC_IMPLICIT_RETAIN_SELF = YES;
				CLANG_WARN_OBJC_LITERAL_CONVERSION = YES;
				CLANG_WARN_OBJC_ROOT_CLASS = YES_ERROR;
				CLANG_WARN_QUOTED_INCLUDE_IN_FRAMEWORK_HEADER = YES;
				CLANG_WARN_RANGE_LOOP_ANALYSIS = YES;
				CLANG_WARN_STRICT_PROTOTYPES = YES;
				CLANG_WARN_SUSPICIOUS_MOVE = YES;
				CLANG_WARN_UNGUARDED_AVAILABILITY = YES_AGGRESSIVE;
				CLANG_WARN_UNREACHABLE_CODE = YES;
				CLANG_WARN__DUPLICATE_METHOD_MATCH = YES;
				COPY_PHASE_STRIP = NO;
				DEBUG_INFORMATION_FORMAT = dwarf;
				ENABLE_STRICT_OBJC_MSGSEND = YES;
				ENABLE_TESTABILITY = YES;
				GCC_C_LANGUAGE_STANDARD = gnu11;
				GCC_DYNAMIC_NO_PIC = NO;
				GCC_NO_COMMON_BLOCKS = YES;
				GCC_OPTIMIZATION_LEVEL = 0;
				GCC_PREPROCESSOR_DEFINITIONS = (
					"DEBUG=1",
					"$(inherited)",
				);
				GCC_WARN_64_TO_32_BIT_CONVERSION = YES;
				GCC_WARN_ABOUT_RETURN_TYPE = YES_ERROR;
				GCC_WARN_UNDECLARED_SELECTOR = YES;
				GCC_WARN_UNINITIALIZED_AUTOS = YES_AGGRESSIVE;
				GCC_WARN_UNUSED_FUNCTION = YES;
				GCC_WARN_UNUSED_VARIABLE = YES;
				IPHONEOS_DEPLOYMENT_TARGET = 15.5;
				MTL_ENABLE_DEBUG_INFO = INCLUDE_SOURCE;
				MTL_FAST_MATH = YES;
				ONLY_ACTIVE_ARCH = YES;
				SDKROOT = iphoneos;
				SWIFT_ACTIVE_COMPILATION_CONDITIONS = DEBUG;
				SWIFT_OPTIMIZATION_LEVEL = "-Onone";
			};
			name = Debug;
		};
		FAEF56F7290B2E1500BBDE41 /* Release */ = {
			isa = XCBuildConfiguration;
			buildSettings = {
				ALWAYS_SEARCH_USER_PATHS = NO;
				CLANG_ANALYZER_NONNULL = YES;
				CLANG_ANALYZER_NUMBER_OBJECT_CONVERSION = YES_AGGRESSIVE;
				CLANG_CXX_LANGUAGE_STANDARD = "gnu++17";
				CLANG_ENABLE_MODULES = YES;
				CLANG_ENABLE_OBJC_ARC = YES;
				CLANG_ENABLE_OBJC_WEAK = YES;
				CLANG_WARN_BLOCK_CAPTURE_AUTORELEASING = YES;
				CLANG_WARN_BOOL_CONVERSION = YES;
				CLANG_WARN_COMMA = YES;
				CLANG_WARN_CONSTANT_CONVERSION = YES;
				CLANG_WARN_DEPRECATED_OBJC_IMPLEMENTATIONS = YES;
				CLANG_WARN_DIRECT_OBJC_ISA_USAGE = YES_ERROR;
				CLANG_WARN_DOCUMENTATION_COMMENTS = YES;
				CLANG_WARN_EMPTY_BODY = YES;
				CLANG_WARN_ENUM_CONVERSION = YES;
				CLANG_WARN_INFINITE_RECURSION = YES;
				CLANG_WARN_INT_CONVERSION = YES;
				CLANG_WARN_NON_LITERAL_NULL_CONVERSION = YES;
				CLANG_WARN_OBJC_IMPLICIT_RETAIN_SELF = YES;
				CLANG_WARN_OBJC_LITERAL_CONVERSION = YES;
				CLANG_WARN_OBJC_ROOT_CLASS = YES_ERROR;
				CLANG_WARN_QUOTED_INCLUDE_IN_FRAMEWORK_HEADER = YES;
				CLANG_WARN_RANGE_LOOP_ANALYSIS = YES;
				CLANG_WARN_STRICT_PROTOTYPES = YES;
				CLANG_WARN_SUSPICIOUS_MOVE = YES;
				CLANG_WARN_UNGUARDED_AVAILABILITY = YES_AGGRESSIVE;
				CLANG_WARN_UNREACHABLE_CODE = YES;
				CLANG_WARN__DUPLICATE_METHOD_MATCH = YES;
				COPY_PHASE_STRIP = NO;
				DEBUG_INFORMATION_FORMAT = "dwarf-with-dsym";
				ENABLE_NS_ASSERTIONS = NO;
				ENABLE_STRICT_OBJC_MSGSEND = YES;
				GCC_C_LANGUAGE_STANDARD = gnu11;
				GCC_NO_COMMON_BLOCKS = YES;
				GCC_WARN_64_TO_32_BIT_CONVERSION = YES;
				GCC_WARN_ABOUT_RETURN_TYPE = YES_ERROR;
				GCC_WARN_UNDECLARED_SELECTOR = YES;
				GCC_WARN_UNINITIALIZED_AUTOS = YES_AGGRESSIVE;
				GCC_WARN_UNUSED_FUNCTION = YES;
				GCC_WARN_UNUSED_VARIABLE = YES;
				IPHONEOS_DEPLOYMENT_TARGET = 15.5;
				MTL_ENABLE_DEBUG_INFO = NO;
				MTL_FAST_MATH = YES;
				SDKROOT = iphoneos;
				SWIFT_COMPILATION_MODE = wholemodule;
				SWIFT_OPTIMIZATION_LEVEL = "-O";
				VALIDATE_PRODUCT = YES;
			};
			name = Release;
		};
		FAEF56F9290B2E1500BBDE41 /* Debug */ = {
			isa = XCBuildConfiguration;
			buildSettings = {
				ASSETCATALOG_COMPILER_APPICON_NAME = AppIcon;
				ASSETCATALOG_COMPILER_GLOBAL_ACCENT_COLOR_NAME = AccentColor;
				CODE_SIGN_STYLE = Automatic;
				CURRENT_PROJECT_VERSION = 1;
				DEVELOPMENT_TEAM = Q6D3DZE2WM;
				GENERATE_INFOPLIST_FILE = YES;
				INFOPLIST_FILE = 3miniApps/Info.plist;
				INFOPLIST_KEY_UIApplicationSupportsIndirectInputEvents = YES;
				INFOPLIST_KEY_UILaunchStoryboardName = LaunchScreen;
				INFOPLIST_KEY_UIMainStoryboardFile = Main;
				INFOPLIST_KEY_UISupportedInterfaceOrientations_iPad = "UIInterfaceOrientationPortrait UIInterfaceOrientationPortraitUpsideDown UIInterfaceOrientationLandscapeLeft UIInterfaceOrientationLandscapeRight";
				INFOPLIST_KEY_UISupportedInterfaceOrientations_iPhone = "UIInterfaceOrientationPortrait UIInterfaceOrientationLandscapeLeft UIInterfaceOrientationLandscapeRight";
				LD_RUNPATH_SEARCH_PATHS = (
					"$(inherited)",
					"@executable_path/Frameworks",
				);
				MARKETING_VERSION = 1.0;
				PRODUCT_BUNDLE_IDENTIFIER = "murad-kv.-miniApps";
				PRODUCT_NAME = "$(TARGET_NAME)";
				SWIFT_EMIT_LOC_STRINGS = YES;
				SWIFT_VERSION = 5.0;
				TARGETED_DEVICE_FAMILY = "1,2";
			};
			name = Debug;
		};
		FAEF56FA290B2E1500BBDE41 /* Release */ = {
			isa = XCBuildConfiguration;
			buildSettings = {
				ASSETCATALOG_COMPILER_APPICON_NAME = AppIcon;
				ASSETCATALOG_COMPILER_GLOBAL_ACCENT_COLOR_NAME = AccentColor;
				CODE_SIGN_STYLE = Automatic;
				CURRENT_PROJECT_VERSION = 1;
				DEVELOPMENT_TEAM = Q6D3DZE2WM;
				GENERATE_INFOPLIST_FILE = YES;
				INFOPLIST_FILE = 3miniApps/Info.plist;
				INFOPLIST_KEY_UIApplicationSupportsIndirectInputEvents = YES;
				INFOPLIST_KEY_UILaunchStoryboardName = LaunchScreen;
				INFOPLIST_KEY_UIMainStoryboardFile = Main;
				INFOPLIST_KEY_UISupportedInterfaceOrientations_iPad = "UIInterfaceOrientationPortrait UIInterfaceOrientationPortraitUpsideDown UIInterfaceOrientationLandscapeLeft UIInterfaceOrientationLandscapeRight";
				INFOPLIST_KEY_UISupportedInterfaceOrientations_iPhone = "UIInterfaceOrientationPortrait UIInterfaceOrientationLandscapeLeft UIInterfaceOrientationLandscapeRight";
				LD_RUNPATH_SEARCH_PATHS = (
					"$(inherited)",
					"@executable_path/Frameworks",
				);
				MARKETING_VERSION = 1.0;
				PRODUCT_BUNDLE_IDENTIFIER = "murad-kv.-miniApps";
				PRODUCT_NAME = "$(TARGET_NAME)";
				SWIFT_EMIT_LOC_STRINGS = YES;
				SWIFT_VERSION = 5.0;
				TARGETED_DEVICE_FAMILY = "1,2";
			};
			name = Release;
		};
/* End XCBuildConfiguration section */

/* Begin XCConfigurationList section */
		FAEF56DF290B2E1500BBDE41 /* Build configuration list for PBXProject "3miniApps" */ = {
			isa = XCConfigurationList;
			buildConfigurations = (
				FAEF56F6290B2E1500BBDE41 /* Debug */,
				FAEF56F7290B2E1500BBDE41 /* Release */,
			);
			defaultConfigurationIsVisible = 0;
			defaultConfigurationName = Release;
		};
		FAEF56F8290B2E1500BBDE41 /* Build configuration list for PBXNativeTarget "3miniApps" */ = {
			isa = XCConfigurationList;
			buildConfigurations = (
				FAEF56F9290B2E1500BBDE41 /* Debug */,
				FAEF56FA290B2E1500BBDE41 /* Release */,
			);
			defaultConfigurationIsVisible = 0;
			defaultConfigurationName = Release;
		};
/* End XCConfigurationList section */
	};
	rootObject = FAEF56DC290B2E1500BBDE41 /* Project object */;
}
